
Microsoft Visual Studio Solution File, Format Version 12.00
# Visual Studio Version 16
VisualStudioVersion = 16.0.29201.188
MinimumVisualStudioVersion = 10.0.40219.1
Project("{FAE04EC0-301F-11D3-BF4B-00C04F79EFBC}") = "HelloWorld", "HelloWorld\HelloWorld.csproj", "{C6250823-B572-4126-9A63-CA274C78D6C4}"
EndProject
Global
	GlobalSection(SolutionConfigurationPlatforms) = preSolution
		Debug|Any CPU = Debug|Any CPU
		Release|Any CPU = Release|Any CPU
	EndGlobalSection
	GlobalSection(ProjectConfigurationPlatforms) = postSolution
		{C6250823-B572-4126-9A63-CA274C78D6C4}.Debug|Any CPU.ActiveCfg = Debug|Any CPU
		{C6250823-B572-4126-9A63-CA274C78D6C4}.Debug|Any CPU.Build.0 = Debug|Any CPU
		{C6250823-B572-4126-9A63-CA274C78D6C4}.Release|Any CPU.ActiveCfg = Release|Any CPU
		{C6250823-B572-4126-9A63-CA274C78D6C4}.Release|Any CPU.Build.0 = Release|Any CPU
	EndGlobalSection
	GlobalSection(SolutionProperties) = preSolution
		HideSolutionNode = FALSE
	EndGlobalSection
	GlobalSection(ExtensibilityGlobals) = postSolution
		SolutionGuid = {1E04AA81-64AA-4277-AF6F-3F080DD718E2}
	EndGlobalSection
EndGlobal
